
Microsoft Visual Studio Solution File, Format Version 12.00
# Visual Studio Version 16
VisualStudioVersion = 16.0.31729.503
MinimumVisualStudioVersion = 10.0.40219.1
Project("{FAE04EC0-301F-11D3-BF4B-00C04F79EFBC}") = "application_api", "application_api.csproj", "{0A9A926D-1E3F-45B8-BD4B-54A1CB503E32}"
EndProject
Global
	GlobalSection(SolutionConfigurationPlatforms) = preSolution
		Debug|Any CPU = Debug|Any CPU
		Release|Any CPU = Release|Any CPU
	EndGlobalSection
	GlobalSection(ProjectConfigurationPlatforms) = postSolution
		{0A9A926D-1E3F-45B8-BD4B-54A1CB503E32}.Debug|Any CPU.ActiveCfg = Debug|Any CPU
		{0A9A926D-1E3F-45B8-BD4B-54A1CB503E32}.Debug|Any CPU.Build.0 = Debug|Any CPU
		{0A9A926D-1E3F-45B8-BD4B-54A1CB503E32}.Release|Any CPU.ActiveCfg = Release|Any CPU
		{0A9A926D-1E3F-45B8-BD4B-54A1CB503E32}.Release|Any CPU.Build.0 = Release|Any CPU
	EndGlobalSection
	GlobalSection(SolutionProperties) = preSolution
		HideSolutionNode = FALSE
	EndGlobalSection
	GlobalSection(ExtensibilityGlobals) = postSolution
		SolutionGuid = {3D939A90-FAAC-4729-94A2-F1E116987A0C}
	EndGlobalSection
EndGlobal
